# THIS IS AN AUTOGENERATED FILE. DO NOT EDIT THIS FILE DIRECTLY.
# yarn lockfile v1


"@babel/runtime@^7.17.8", "@babel/runtime@^7.18.9", "@babel/runtime@^7.19.4", "@babel/runtime@^7.20.0":
  version "7.20.0"
  resolved "https://registry.yarnpkg.com/@babel/runtime/-/runtime-7.20.0.tgz#824a9ef325ffde6f78056059db3168c08785e24a"
  integrity sha512-NDYdls71fTXoU8TZHfbBWg7DiZfNzClcKui/+kyi6ppD2L1qnWW3VV6CjtaBXSUGGhiTWJ6ereOIkUvenif66Q==
  dependencies:
    regenerator-runtime "^0.13.10"

"@noble/hashes@1.0.0":
  version "1.0.0"
  resolved "https://registry.yarnpkg.com/@noble/hashes/-/hashes-1.0.0.tgz#d5e38bfbdaba174805a4e649f13be9a9ed3351ae"
  integrity sha512-DZVbtY62kc3kkBtMHqwCOfXrT/hnoORy5BJ4+HU1IR59X0KWAOqsfzQPcUl/lQLlG7qXbe/fZ3r/emxtAl+sqg==

"@noble/hashes@1.1.3":
  version "1.1.3"
  resolved "https://registry.yarnpkg.com/@noble/hashes/-/hashes-1.1.3.tgz#360afc77610e0a61f3417e497dcf36862e4f8111"
  integrity sha512-CE0FCR57H2acVI5UOzIGSSIYxZ6v/HOhDR0Ro9VLyhnzLwx0o8W1mmgaqlEUx4049qJDlIBRztv5k+MM8vbO3A==

"@noble/secp256k1@1.5.5":
  version "1.5.5"
  resolved "https://registry.yarnpkg.com/@noble/secp256k1/-/secp256k1-1.5.5.tgz#315ab5745509d1a8c8e90d0bdf59823ccf9bcfc3"
  integrity sha512-sZ1W6gQzYnu45wPrWx8D3kwI2/U29VYTx9OjbDAd7jwRItJ0cSTMPRL/C8AWZFn9kWFLQGqEXVEE86w4Z8LpIQ==

"@noble/secp256k1@1.7.0":
  version "1.7.0"
  resolved "https://registry.yarnpkg.com/@noble/secp256k1/-/secp256k1-1.7.0.tgz#d15357f7c227e751d90aa06b05a0e5cf993ba8c1"
  integrity sha512-kbacwGSsH/CTout0ZnZWxnW1B+jH/7r/WAAKLBtrRJ/+CUH7lgmQzl3GTrQua3SGKWNSDsS6lmjnDpIJ5Dxyaw==

"@open-web3/parachain-launch@^1.2.2":
  version "1.2.2"
  resolved "https://registry.yarnpkg.com/@open-web3/parachain-launch/-/parachain-launch-1.2.2.tgz#9be824ec572cfd3a2a617a33f365781e7ee07f55"
  integrity sha512-2A7tsYgEETpzBxKGX19HUI6gtChUVtcUy8Z90nEyY5KIjpql3PGL5S/TVu02C1EOBCXST3G6udxvFmJdh01I1A==
  dependencies:
    "@polkadot/api" "^9.2.4"
    "@polkadot/keyring" "^8.4.1"
    "@polkadot/util" "^8.4.1"
    "@polkadot/util-crypto" "^8.4.1"
    lodash "^4.17.21"
    readline-sync "^1.4.10"
    shelljs "^0.8.5"
    yaml "^2.1.1"
    yargs "^17.5.1"

"@polkadot/api-augment@9.6.2":
  version "9.6.2"
  resolved "https://registry.yarnpkg.com/@polkadot/api-augment/-/api-augment-9.6.2.tgz#a6e7c29d8a06c0951d37796f56bf54530bbc04f0"
  integrity sha512-XsRSXCeZV+pdoY35fhoiHO/sVCmTdfb1lhnpkqEDmucOvP4lBRdg/y2l+50jmftJxnvYD5p/ddVc6ezOJVmL0w==
  dependencies:
    "@babel/runtime" "^7.20.0"
    "@polkadot/api-base" "9.6.2"
    "@polkadot/rpc-augment" "9.6.2"
    "@polkadot/types" "9.6.2"
    "@polkadot/types-augment" "9.6.2"
    "@polkadot/types-codec" "9.6.2"
    "@polkadot/util" "^10.1.11"

"@polkadot/api-base@9.6.2":
  version "9.6.2"
  resolved "https://registry.yarnpkg.com/@polkadot/api-base/-/api-base-9.6.2.tgz#4790cccb46a06a98ddaf42891a88969fa35f8a0c"
  integrity sha512-07WUlTW2qxcXeD/nIw5db2Oz7zsU6doyGb+AC6m33NFVivyzOXtqGTqttRSxzdAblqsSPPFfzkiUDZ1g0BrSCA==
  dependencies:
    "@babel/runtime" "^7.20.0"
    "@polkadot/rpc-core" "9.6.2"
    "@polkadot/types" "9.6.2"
    "@polkadot/util" "^10.1.11"
    rxjs "^7.5.7"

"@polkadot/api-derive@9.6.2":
  version "9.6.2"
  resolved "https://registry.yarnpkg.com/@polkadot/api-derive/-/api-derive-9.6.2.tgz#772730756dc82ac67af7d069307f880957b4ab62"
  integrity sha512-ajqNUen4JZOkbsOCt2cm+1tIFNQtRqE2xreRcpFx6YpQUxWpXXMU3ZTWc7JxxQFmMv0AVRtcynNCh/DC2TrLBA==
  dependencies:
    "@babel/runtime" "^7.20.0"
    "@polkadot/api" "9.6.2"
    "@polkadot/api-augment" "9.6.2"
    "@polkadot/api-base" "9.6.2"
    "@polkadot/rpc-core" "9.6.2"
    "@polkadot/types" "9.6.2"
    "@polkadot/types-codec" "9.6.2"
    "@polkadot/util" "^10.1.11"
    "@polkadot/util-crypto" "^10.1.11"
    rxjs "^7.5.7"

"@polkadot/api@9.6.2", "@polkadot/api@^9.2.4":
  version "9.6.2"
  resolved "https://registry.yarnpkg.com/@polkadot/api/-/api-9.6.2.tgz#42050aed59489a0a484bc50e9186bd58b18d9835"
  integrity sha512-Cz/E4ZBDIxeOIyWKt9fnwW12ts5SopF2t03t4jnzM1beTUkGIZ6mQjho6JoXVIJEcAa8r1PsVpdyuSQhzeoXwQ==
  dependencies:
    "@babel/runtime" "^7.20.0"
    "@polkadot/api-augment" "9.6.2"
    "@polkadot/api-base" "9.6.2"
    "@polkadot/api-derive" "9.6.2"
    "@polkadot/keyring" "^10.1.11"
    "@polkadot/rpc-augment" "9.6.2"
    "@polkadot/rpc-core" "9.6.2"
    "@polkadot/rpc-provider" "9.6.2"
    "@polkadot/types" "9.6.2"
    "@polkadot/types-augment" "9.6.2"
    "@polkadot/types-codec" "9.6.2"
    "@polkadot/types-create" "9.6.2"
    "@polkadot/types-known" "9.6.2"
    "@polkadot/util" "^10.1.11"
    "@polkadot/util-crypto" "^10.1.11"
    eventemitter3 "^4.0.7"
    rxjs "^7.5.7"

"@polkadot/keyring@^10.1.11":
  version "10.1.11"
  resolved "https://registry.yarnpkg.com/@polkadot/keyring/-/keyring-10.1.11.tgz#a3fed011b0c8826ea2097e04f7189e9be66fbf98"
  integrity sha512-Nv8cZaOA/KbdslDMTklJ58+y+UPpic3+oMQoozuq48Ccjv7WeW2BX47XM/RNE8nYFg6EHa6Whfm4IFaFb8s7ag==
  dependencies:
    "@babel/runtime" "^7.19.4"
    "@polkadot/util" "10.1.11"
    "@polkadot/util-crypto" "10.1.11"

"@polkadot/keyring@^8.4.1":
  version "8.7.1"
  resolved "https://registry.yarnpkg.com/@polkadot/keyring/-/keyring-8.7.1.tgz#07cf6d6ee351dcf70fbf965b1d6d96c5025ae1b8"
  integrity sha512-t6ZgQVC+nQT7XwbWtEhkDpiAzxKVJw8Xd/gWdww6xIrawHu7jo3SGB4QNdPgkf8TvDHYAAJiupzVQYAlOIq3GA==
  dependencies:
    "@babel/runtime" "^7.17.8"
    "@polkadot/util" "8.7.1"
    "@polkadot/util-crypto" "8.7.1"

"@polkadot/networks@10.1.11", "@polkadot/networks@^10.1.11":
  version "10.1.11"
  resolved "https://registry.yarnpkg.com/@polkadot/networks/-/networks-10.1.11.tgz#96a5d6c80228f4beada9154cca0f60a63198e7f4"
  integrity sha512-4FfOVETXwh6PL6wd6fYJMkRSQKm+xUw3vR5rHqcAnB696FpMFPPErc6asgZ9lYMyzNJRY3yG86HQpFhtCv1nGA==
  dependencies:
    "@babel/runtime" "^7.19.4"
    "@polkadot/util" "10.1.11"
    "@substrate/ss58-registry" "^1.33.0"

"@polkadot/networks@8.7.1":
  version "8.7.1"
  resolved "https://registry.yarnpkg.com/@polkadot/networks/-/networks-8.7.1.tgz#26c2ec6158c985bb77c510d98a3ab1c7e049f89c"
  integrity sha512-8xAmhDW0ry5EKcEjp6VTuwoTm0DdDo/zHsmx88P6sVL87gupuFsL+B6TrsYLl8GcaqxujwrOlKB+CKTUg7qFKg==
  dependencies:
    "@babel/runtime" "^7.17.8"
    "@polkadot/util" "8.7.1"
    "@substrate/ss58-registry" "^1.17.0"

"@polkadot/rpc-augment@9.6.2":
  version "9.6.2"
  resolved "https://registry.yarnpkg.com/@polkadot/rpc-augment/-/rpc-augment-9.6.2.tgz#1b87084602c294d871d29b6c27880c568fdfb191"
  integrity sha512-bOzL99Kx2SipaaanxelDzdvLuf4ViW62627G9gjre/WRnnjpfWrBUX7K8YuzrEIAUf+gbfXs99zqKTBXiJl8wg==
  dependencies:
    "@babel/runtime" "^7.20.0"
    "@polkadot/rpc-core" "9.6.2"
    "@polkadot/types" "9.6.2"
    "@polkadot/types-codec" "9.6.2"
    "@polkadot/util" "^10.1.11"

"@polkadot/rpc-core@9.6.2":
  version "9.6.2"
  resolved "https://registry.yarnpkg.com/@polkadot/rpc-core/-/rpc-core-9.6.2.tgz#82e9fc3a979493a69023e6803c05d034112571e3"
  integrity sha512-hPDo/Zyu+j+XcPkjV0WVd7KzCmW14m50ZQQfLg9H4/R/tIiuPIML9g+tyoHKg4+H9OxLTmaP0RKFm0d2L2Od0g==
  dependencies:
    "@babel/runtime" "^7.20.0"
    "@polkadot/rpc-augment" "9.6.2"
    "@polkadot/rpc-provider" "9.6.2"
    "@polkadot/types" "9.6.2"
    "@polkadot/util" "^10.1.11"
    rxjs "^7.5.7"

"@polkadot/rpc-provider@9.6.2":
  version "9.6.2"
  resolved "https://registry.yarnpkg.com/@polkadot/rpc-provider/-/rpc-provider-9.6.2.tgz#f0d9dc8f3cdab970ad293869e216ef9c1aff0e5c"
  integrity sha512-JKrfAdHDhGARy3zQ5ASQfPD32ZdkSsH6IGwfO79vxtelN1ItR9VszoELppX/amlc++Vf8d6MOAjiil7IGGRTIQ==
  dependencies:
    "@babel/runtime" "^7.20.0"
    "@polkadot/keyring" "^10.1.11"
    "@polkadot/types" "9.6.2"
    "@polkadot/types-support" "9.6.2"
    "@polkadot/util" "^10.1.11"
    "@polkadot/util-crypto" "^10.1.11"
    "@polkadot/x-fetch" "^10.1.11"
    "@polkadot/x-global" "^10.1.11"
    "@polkadot/x-ws" "^10.1.11"
    "@substrate/connect" "0.7.15"
    eventemitter3 "^4.0.7"
    mock-socket "^9.1.5"
    nock "^13.2.9"

"@polkadot/types-augment@9.6.2":
  version "9.6.2"
  resolved "https://registry.yarnpkg.com/@polkadot/types-augment/-/types-augment-9.6.2.tgz#46608167e953cd8e912055628e74b9f22d305d2a"
  integrity sha512-iHQJ2RajV0LNfkSSfjlkTqexmv8ZadDJZNzrHyLbW01Wx9kSM7IH0I0eN1b532HX0/E07lnR/TQ0/EUZnDuqnw==
  dependencies:
    "@babel/runtime" "^7.20.0"
    "@polkadot/types" "9.6.2"
    "@polkadot/types-codec" "9.6.2"
    "@polkadot/util" "^10.1.11"

"@polkadot/types-codec@9.6.2":
  version "9.6.2"
  resolved "https://registry.yarnpkg.com/@polkadot/types-codec/-/types-codec-9.6.2.tgz#0c3ab8d8db8199aed4bedf9008d70093fca85f0a"
  integrity sha512-XXpJv+ydQDmno2dHm2dHCxAYrCLncCqsF/xUQAlQS2qbViQOoEUoP5wOhcKrsvITNekh0YLfdhyzaSId2ST2xQ==
  dependencies:
    "@babel/runtime" "^7.20.0"
    "@polkadot/util" "^10.1.11"
    "@polkadot/x-bigint" "^10.1.11"

"@polkadot/types-create@9.6.2":
  version "9.6.2"
  resolved "https://registry.yarnpkg.com/@polkadot/types-create/-/types-create-9.6.2.tgz#50954bad8fff0f96029a401d6388d2c7571628df"
  integrity sha512-7s2Z2ir/l7RwxuG1aj3vIBnDT8hspMP/q20NR27ekY/8V+zEDjHWqofgETNRcG2MeHxQqzFEqUKjCOCy8BXiuw==
  dependencies:
    "@babel/runtime" "^7.20.0"
    "@polkadot/types-codec" "9.6.2"
    "@polkadot/util" "^10.1.11"

"@polkadot/types-known@9.6.2":
  version "9.6.2"
  resolved "https://registry.yarnpkg.com/@polkadot/types-known/-/types-known-9.6.2.tgz#b109763dea97cadde453d38dde1cdd4586f9ae11"
  integrity sha512-dekLSTr6CoukKAJezQ83Dn9ggOTRrRSMZr19Wi8NLJCTkbTzNCyFSMmQuwG1XxYWwTgjfqMLUVmInkLSxzDNSA==
  dependencies:
    "@babel/runtime" "^7.20.0"
    "@polkadot/networks" "^10.1.11"
    "@polkadot/types" "9.6.2"
    "@polkadot/types-codec" "9.6.2"
    "@polkadot/types-create" "9.6.2"
    "@polkadot/util" "^10.1.11"

"@polkadot/types-support@9.6.2":
  version "9.6.2"
  resolved "https://registry.yarnpkg.com/@polkadot/types-support/-/types-support-9.6.2.tgz#a33ae056a2092455777d377a4d4c948779d5e98e"
  integrity sha512-rAVjf1lbknZRgNTRtfdXM9Zl7sMhF6kXP8qXF/7la43hGbolDnGskMRfzKvUhA4HRrjhT0w0bUXfEE+Snk1Q9w==
  dependencies:
    "@babel/runtime" "^7.20.0"
    "@polkadot/util" "^10.1.11"

"@polkadot/types@9.6.2":
  version "9.6.2"
  resolved "https://registry.yarnpkg.com/@polkadot/types/-/types-9.6.2.tgz#1be65ed096cdfd16f2acce79e77383a37b1e06d6"
  integrity sha512-pP38vk+JfcQwgLwHsKttuj0yaM7uPQnst3Cd7u7ZX4qf5PmICtZ2Baz11NW0aF8mqhqgkNNF+a8PSUqJQd21Xg==
  dependencies:
    "@babel/runtime" "^7.20.0"
    "@polkadot/keyring" "^10.1.11"
    "@polkadot/types-augment" "9.6.2"
    "@polkadot/types-codec" "9.6.2"
    "@polkadot/types-create" "9.6.2"
    "@polkadot/util" "^10.1.11"
    "@polkadot/util-crypto" "^10.1.11"
    rxjs "^7.5.7"

"@polkadot/util-crypto@10.1.11", "@polkadot/util-crypto@^10.1.11":
  version "10.1.11"
  resolved "https://registry.yarnpkg.com/@polkadot/util-crypto/-/util-crypto-10.1.11.tgz#e59bdc8e1e2bd98a115e2e2ed45461e68a14a48c"
  integrity sha512-wG63frIMAR5T/HXGM0SFNzZZdk7qDBsfLXfn6PIZiXCCCsdEYPzS5WltB7fkhicYpbePJ7VgdCAddj1l4IcGyg==
  dependencies:
    "@babel/runtime" "^7.19.4"
    "@noble/hashes" "1.1.3"
    "@noble/secp256k1" "1.7.0"
    "@polkadot/networks" "10.1.11"
    "@polkadot/util" "10.1.11"
    "@polkadot/wasm-crypto" "^6.3.1"
    "@polkadot/x-bigint" "10.1.11"
    "@polkadot/x-randomvalues" "10.1.11"
    "@scure/base" "1.1.1"
    ed2curve "^0.3.0"
    tweetnacl "^1.0.3"

"@polkadot/util-crypto@8.7.1", "@polkadot/util-crypto@^8.4.1":
  version "8.7.1"
  resolved "https://registry.yarnpkg.com/@polkadot/util-crypto/-/util-crypto-8.7.1.tgz#f9fcca2895b5f160ce1c2faa0aa3054cc7aa4655"
  integrity sha512-TaSuJ2aNrB5sYK7YXszkEv24nYJKRFqjF2OrggoMg6uYxUAECvTkldFnhtgeizMweRMxJIBu6bMHlSIutbWgjw==
  dependencies:
    "@babel/runtime" "^7.17.8"
    "@noble/hashes" "1.0.0"
    "@noble/secp256k1" "1.5.5"
    "@polkadot/networks" "8.7.1"
    "@polkadot/util" "8.7.1"
    "@polkadot/wasm-crypto" "^5.1.1"
    "@polkadot/x-bigint" "8.7.1"
    "@polkadot/x-randomvalues" "8.7.1"
    "@scure/base" "1.0.0"
    ed2curve "^0.3.0"
    tweetnacl "^1.0.3"

"@polkadot/util@10.1.11", "@polkadot/util@^10.1.11":
  version "10.1.11"
  resolved "https://registry.yarnpkg.com/@polkadot/util/-/util-10.1.11.tgz#22bcdabbd7a0d266417f6569cc655f516d371a82"
  integrity sha512-6m51lw6g6ilqO/k4BQY7rD0lYM9NCnC4FiM7CEEUc7j8q86qxdcZ88zdNldkhNsTIQnfmCtkK3GRzZW6VYrbUw==
  dependencies:
    "@babel/runtime" "^7.19.4"
    "@polkadot/x-bigint" "10.1.11"
    "@polkadot/x-global" "10.1.11"
    "@polkadot/x-textdecoder" "10.1.11"
    "@polkadot/x-textencoder" "10.1.11"
    "@types/bn.js" "^5.1.1"
    bn.js "^5.2.1"

"@polkadot/util@8.7.1", "@polkadot/util@^8.4.1":
  version "8.7.1"
  resolved "https://registry.yarnpkg.com/@polkadot/util/-/util-8.7.1.tgz#27fe93bf7b8345276f10cfe9c0380510cd4584f6"
  integrity sha512-XjY1bTo7V6OvOCe4yn8H2vifeuBciCy0gq0k5P1tlGUQLI/Yt0hvDmxcA0FEPtqg8CL+rYRG7WXGPVNjkrNvyQ==
  dependencies:
    "@babel/runtime" "^7.17.8"
    "@polkadot/x-bigint" "8.7.1"
    "@polkadot/x-global" "8.7.1"
    "@polkadot/x-textdecoder" "8.7.1"
    "@polkadot/x-textencoder" "8.7.1"
    "@types/bn.js" "^5.1.0"
    bn.js "^5.2.0"
    ip-regex "^4.3.0"

"@polkadot/wasm-bridge@6.3.1":
  version "6.3.1"
  resolved "https://registry.yarnpkg.com/@polkadot/wasm-bridge/-/wasm-bridge-6.3.1.tgz#439fa78e80947a7cb695443e1f64b25c30bb1487"
  integrity sha512-1TYkHsb9AEFhU9uZj3biEnN2yKQNzdrwSjiTvfCYnt97pnEkKsZI6cku+YPZQv5w/x9CQa5Yua9e2DVVZSivGA==
  dependencies:
    "@babel/runtime" "^7.18.9"

"@polkadot/wasm-crypto-asmjs@6.3.1":
  version "6.3.1"
  resolved "https://registry.yarnpkg.com/@polkadot/wasm-crypto-asmjs/-/wasm-crypto-asmjs-6.3.1.tgz#e8f469c9cf4a7709c8131a96f857291953f3e30a"
  integrity sha512-zbombRfA5v/mUWQQhgg2YwaxhRmxRIrvskw65x+lruax3b6xPBFDs7yplopiJU3r8h2pTgQvX/DUksvqz2TCRQ==
  dependencies:
    "@babel/runtime" "^7.18.9"

"@polkadot/wasm-crypto-asmjs@^5.1.1":
  version "5.1.1"
  resolved "https://registry.yarnpkg.com/@polkadot/wasm-crypto-asmjs/-/wasm-crypto-asmjs-5.1.1.tgz#6648e9c6f627501f61aef570e110022f2be1eff2"
  integrity sha512-1WBwc2G3pZMKW1T01uXzKE30Sg22MXmF3RbbZiWWk3H2d/Er4jZQRpjumxO5YGWan+xOb7HQQdwnrUnrPgbDhg==
  dependencies:
    "@babel/runtime" "^7.17.8"

"@polkadot/wasm-crypto-init@6.3.1":
  version "6.3.1"
  resolved "https://registry.yarnpkg.com/@polkadot/wasm-crypto-init/-/wasm-crypto-init-6.3.1.tgz#b590220c53c94b9a54d5dc236d0cbe943db76706"
  integrity sha512-9yaUBcu+snwjJLmPPGl3cyGRQ1afyFGm16qzTM0sgG/ZCfUlK4uk8KWZe+sBUKgoxb2oXY7Y4WklKgQI1YBdfw==
  dependencies:
    "@babel/runtime" "^7.18.9"
    "@polkadot/wasm-bridge" "6.3.1"
    "@polkadot/wasm-crypto-asmjs" "6.3.1"
    "@polkadot/wasm-crypto-wasm" "6.3.1"

"@polkadot/wasm-crypto-wasm@6.3.1":
  version "6.3.1"
  resolved "https://registry.yarnpkg.com/@polkadot/wasm-crypto-wasm/-/wasm-crypto-wasm-6.3.1.tgz#67f720e7f9694fef096abe9d60abbac02e032383"
  integrity sha512-idSlzKGVzCfeCMRHsacRvqwojSaTadFxL/Dbls4z1thvfa3U9Ku0d2qVtlwg7Hj+tYWDiuP8Kygs+6bQwfs0XA==
  dependencies:
    "@babel/runtime" "^7.18.9"
    "@polkadot/wasm-util" "6.3.1"

"@polkadot/wasm-crypto-wasm@^5.1.1":
  version "5.1.1"
  resolved "https://registry.yarnpkg.com/@polkadot/wasm-crypto-wasm/-/wasm-crypto-wasm-5.1.1.tgz#dc371755a05fe93f87a2754a2bcf1ff42e4bb541"
  integrity sha512-F9PZ30J2S8vUNl2oY7Myow5Xsx5z5uNVpnNlJwlmY8IXBvyucvyQ4HSdhJsrbs4W1BfFc0mHghxgp0FbBCnf/Q==
  dependencies:
    "@babel/runtime" "^7.17.8"

"@polkadot/wasm-crypto@^5.1.1":
  version "5.1.1"
  resolved "https://registry.yarnpkg.com/@polkadot/wasm-crypto/-/wasm-crypto-5.1.1.tgz#d1f8a0da631028ba904c374c1e8496ab3ba4636b"
  integrity sha512-JCcAVfH8DhYuEyd4oX1ouByxhou0TvpErKn8kHjtzt7+tRoFi0nzWlmK4z49vszsV3JJgXxV81i10C0BYlwTcQ==
  dependencies:
    "@babel/runtime" "^7.17.8"
    "@polkadot/wasm-crypto-asmjs" "^5.1.1"
    "@polkadot/wasm-crypto-wasm" "^5.1.1"

"@polkadot/wasm-crypto@^6.3.1":
  version "6.3.1"
  resolved "https://registry.yarnpkg.com/@polkadot/wasm-crypto/-/wasm-crypto-6.3.1.tgz#63f5798aca2b2ff0696f190e6862d9781d8f280c"
  integrity sha512-OO8h0qeVkqp4xYZaRVl4iuWOEtq282pNBHDKb6SOJuI2g59eWGcKh4EQU9Me2VP6qzojIqptrkrVt7KQXC68gA==
  dependencies:
    "@babel/runtime" "^7.18.9"
    "@polkadot/wasm-bridge" "6.3.1"
    "@polkadot/wasm-crypto-asmjs" "6.3.1"
    "@polkadot/wasm-crypto-init" "6.3.1"
    "@polkadot/wasm-crypto-wasm" "6.3.1"
    "@polkadot/wasm-util" "6.3.1"

"@polkadot/wasm-util@6.3.1":
  version "6.3.1"
  resolved "https://registry.yarnpkg.com/@polkadot/wasm-util/-/wasm-util-6.3.1.tgz#439ebb68a436317af388ed6438b8f879df3afcda"
  integrity sha512-12oAv5J7Yoc9m6jixrSaQCxpOkWOyzHx3DMC8qmLjRiwdBWxqLmImOVRVnFsbaxqSbhBIHRuJphVxWE+GZETDg==
  dependencies:
    "@babel/runtime" "^7.18.9"

"@polkadot/x-bigint@10.1.11", "@polkadot/x-bigint@^10.1.11":
  version "10.1.11"
  resolved "https://registry.yarnpkg.com/@polkadot/x-bigint/-/x-bigint-10.1.11.tgz#7d62ce10cccd55b86a415342db95b9feeb099776"
  integrity sha512-TC4KZ+ni/SJhcf/LIwD49C/kwvACu0nCchETNO+sAfJ7COXZwHDUJXVXmwN5PgkQxwsWsKKuJmzR/Fi1bgMWnQ==
  dependencies:
    "@babel/runtime" "^7.19.4"
    "@polkadot/x-global" "10.1.11"

"@polkadot/x-bigint@8.7.1":
  version "8.7.1"
  resolved "https://registry.yarnpkg.com/@polkadot/x-bigint/-/x-bigint-8.7.1.tgz#a496225def32e98c430c76b91c1579f48acf501a"
  integrity sha512-ClkhgdB/KqcAKk3zA6Qw8wBL6Wz67pYTPkrAtImpvoPJmR+l4RARauv+MH34JXMUNlNb3aUwqN6lq2Z1zN+mJg==
  dependencies:
    "@babel/runtime" "^7.17.8"
    "@polkadot/x-global" "8.7.1"

"@polkadot/x-fetch@^10.1.11":
  version "10.1.11"
  resolved "https://registry.yarnpkg.com/@polkadot/x-fetch/-/x-fetch-10.1.11.tgz#8f579bb166096c977acff91a40b3848fb5581900"
  integrity sha512-WtyUr9itVD9BLnxCUloJ1iwrXOY/lnlEShEYKHcSm6MIHtbJolePd3v1+o5mOX+bdDbHXhPZnH8anCCqDNDRqg==
  dependencies:
    "@babel/runtime" "^7.19.4"
    "@polkadot/x-global" "10.1.11"
    "@types/node-fetch" "^2.6.2"
    node-fetch "^3.2.10"

"@polkadot/x-global@10.1.11", "@polkadot/x-global@^10.1.11":
  version "10.1.11"
  resolved "https://registry.yarnpkg.com/@polkadot/x-global/-/x-global-10.1.11.tgz#37dda3ef1cebfd14c68c69279ae6521957817866"
  integrity sha512-bWz5gdcELy6+xfr27R1GE5MPX4nfVlchzHQH+DR6OBbSi9g/PeycQAvFB6IkTmP+YEbNNtIpxnSP37zoUaG3xw==
  dependencies:
    "@babel/runtime" "^7.19.4"

"@polkadot/x-global@8.7.1":
  version "8.7.1"
  resolved "https://registry.yarnpkg.com/@polkadot/x-global/-/x-global-8.7.1.tgz#b972044125a4fe059f4aef7c15a4e22d18179095"
  integrity sha512-WOgUor16IihgNVdiTVGAWksYLUAlqjmODmIK1cuWrLOZtV1VBomWcb3obkO9sh5P6iWziAvCB/i+L0vnTN9ZCA==
  dependencies:
    "@babel/runtime" "^7.17.8"

"@polkadot/x-randomvalues@10.1.11":
  version "10.1.11"
  resolved "https://registry.yarnpkg.com/@polkadot/x-randomvalues/-/x-randomvalues-10.1.11.tgz#f9e088f8b400770d3e53ba9e0c0f0d464047f89e"
  integrity sha512-V2V37f5hoM5B32eCpGw87Lwstin2+ArXhOZ8ENKncbQLXzbF9yTODueDoA5Vt0MJCs2CDP9cyiCYykcanqVkxg==
  dependencies:
    "@babel/runtime" "^7.19.4"
    "@polkadot/x-global" "10.1.11"

"@polkadot/x-randomvalues@8.7.1":
  version "8.7.1"
  resolved "https://registry.yarnpkg.com/@polkadot/x-randomvalues/-/x-randomvalues-8.7.1.tgz#b7cc358c2a6d20f7e7798d45d1d5c7ac8c9ab4f2"
  integrity sha512-njt17MlfN6yNyNEti7fL12lr5qM6A1aSGkWKVuqzc7XwSBesifJuW4km5u6r2gwhXjH2eHDv9SoQ7WXu8vrrkg==
  dependencies:
    "@babel/runtime" "^7.17.8"
    "@polkadot/x-global" "8.7.1"

"@polkadot/x-textdecoder@10.1.11":
  version "10.1.11"
  resolved "https://registry.yarnpkg.com/@polkadot/x-textdecoder/-/x-textdecoder-10.1.11.tgz#314c79e27545a41fe0494a26196bf2dff5cfcb5d"
  integrity sha512-QZqie04SR6pAj260PaLBfZUGXWKI357t4ROVJhpaj06qc1zrk1V8Mwkr49+WzjAPFEOqo70HWnzXmPNCH4dQiw==
  dependencies:
    "@babel/runtime" "^7.19.4"
    "@polkadot/x-global" "10.1.11"

"@polkadot/x-textdecoder@8.7.1":
  version "8.7.1"
  resolved "https://registry.yarnpkg.com/@polkadot/x-textdecoder/-/x-textdecoder-8.7.1.tgz#b706ef98d5a033d02c633009fb8dab4a4f9d7d55"
  integrity sha512-ia0Ie2zi4VdQdNVD2GE2FZzBMfX//hEL4w546RMJfZM2LqDS674LofHmcyrsv5zscLnnRyCxZC1+J2dt+6MDIA==
  dependencies:
    "@babel/runtime" "^7.17.8"
    "@polkadot/x-global" "8.7.1"

"@polkadot/x-textencoder@10.1.11":
  version "10.1.11"
  resolved "https://registry.yarnpkg.com/@polkadot/x-textencoder/-/x-textencoder-10.1.11.tgz#23b18b3ffbc649572728aa37d7787432bb3a03b5"
  integrity sha512-UX+uV9AbDID81waaG/NvTkkf7ZNVW7HSHaddgbWjQEVW2Ex4ByccBarY5jEi6cErEPKfzCamKhgXflu0aV9LWw==
  dependencies:
    "@babel/runtime" "^7.19.4"
    "@polkadot/x-global" "10.1.11"

"@polkadot/x-textencoder@8.7.1":
  version "8.7.1"
  resolved "https://registry.yarnpkg.com/@polkadot/x-textencoder/-/x-textencoder-8.7.1.tgz#7820e30081e8e0a607c1c27b9e3486d82d1a723e"
  integrity sha512-XDO0A27Xy+eJCKSxENroB8Dcnl+UclGG4ZBei+P/BqZ9rsjskUyd2Vsl6peMXAcsxwOE7g0uTvujoGM8jpKOXw==
  dependencies:
    "@babel/runtime" "^7.17.8"
    "@polkadot/x-global" "8.7.1"

"@polkadot/x-ws@^10.1.11":
  version "10.1.11"
  resolved "https://registry.yarnpkg.com/@polkadot/x-ws/-/x-ws-10.1.11.tgz#7431ad72064d56519d4293278f03ae97b9ea9271"
  integrity sha512-EUbL/R1A/NxYf6Rnb1M7U9yeTuo5r4y2vcQllE5aBLaQ0cFnRykHzlmZlVX1E7O5uy3lYVdxWC7sNgxItIWkWA==
  dependencies:
    "@babel/runtime" "^7.19.4"
    "@polkadot/x-global" "10.1.11"
    "@types/websocket" "^1.0.5"
    websocket "^1.0.34"

"@scure/base@1.0.0":
  version "1.0.0"
  resolved "https://registry.yarnpkg.com/@scure/base/-/base-1.0.0.tgz#109fb595021de285f05a7db6806f2f48296fcee7"
  integrity sha512-gIVaYhUsy+9s58m/ETjSJVKHhKTBMmcRb9cEV5/5dwvfDlfORjKrFsDeDHWRrm6RjcPvCLZFwGJjAjLj1gg4HA==

"@scure/base@1.1.1":
  version "1.1.1"
  resolved "https://registry.yarnpkg.com/@scure/base/-/base-1.1.1.tgz#ebb651ee52ff84f420097055f4bf46cfba403938"
  integrity sha512-ZxOhsSyxYwLJj3pLZCefNitxsj093tb2vq90mp2txoYeBqbcjDjqFhyM8eUjq/uFm6zJ+mUuqxlS2FkuSY1MTA==

"@substrate/connect-extension-protocol@^1.0.1":
  version "1.0.1"
  resolved "https://registry.yarnpkg.com/@substrate/connect-extension-protocol/-/connect-extension-protocol-1.0.1.tgz#fa5738039586c648013caa6a0c95c43265dbe77d"
  integrity sha512-161JhCC1csjH3GE5mPLEd7HbWtwNSPJBg3p1Ksz9SFlTzj/bgEwudiRN2y5i0MoLGCIJRYKyKGMxVnd29PzNjg==

"@substrate/connect@0.7.15":
  version "0.7.15"
  resolved "https://registry.yarnpkg.com/@substrate/connect/-/connect-0.7.15.tgz#64b52bb1035a4ee24a521441f44cf46d92216540"
  integrity sha512-dGE7oCXn+3LDlSKJ29ae1SmnpkMBakaYrN8muAB+w9Gx11dNM1mHssuEwsgudLA1S6Dt4NIu7d6qlZ+OjHGlYA==
  dependencies:
    "@substrate/connect-extension-protocol" "^1.0.1"
    "@substrate/smoldot-light" "0.7.2"
    eventemitter3 "^4.0.7"

"@substrate/smoldot-light@0.7.2":
  version "0.7.2"
  resolved "https://registry.yarnpkg.com/@substrate/smoldot-light/-/smoldot-light-0.7.2.tgz#5723f9b8c95b4a5c1b555462452d07f7f1523e71"
  integrity sha512-AweZghbBOUiEf/dlNCVLDcDUy3qkjWuSmKfFZYBeV/CbkN73tJAJSBzOy4MVl3WM8cLDUOxDmc6uy8+5/IhmDA==
  dependencies:
    pako "^2.0.4"
    ws "^8.8.1"

"@substrate/ss58-registry@^1.17.0", "@substrate/ss58-registry@^1.33.0":
  version "1.33.0"
  resolved "https://registry.yarnpkg.com/@substrate/ss58-registry/-/ss58-registry-1.33.0.tgz#b93218fc86405769716b02f0ce5e61df221b37ae"
  integrity sha512-DztMuMcEfu+tJrtIQIIp5gO8/XJZ8N8UwPObDCSNgrp7trtSkPJAUFB9qXaReXtN9UvTcVBMTWk6VPfFi04Wkg==

"@types/bn.js@^5.1.0", "@types/bn.js@^5.1.1":
  version "5.1.1"
  resolved "https://registry.yarnpkg.com/@types/bn.js/-/bn.js-5.1.1.tgz#b51e1b55920a4ca26e9285ff79936bbdec910682"
  integrity sha512-qNrYbZqMx0uJAfKnKclPh+dTwK33KfLHYqtyODwd5HnXOjnkhc4qgn3BrK6RWyGZm5+sIFE7Q7Vz6QQtJB7w7g==
  dependencies:
    "@types/node" "*"

"@types/node-fetch@^2.6.2":
  version "2.6.2"
  resolved "https://registry.yarnpkg.com/@types/node-fetch/-/node-fetch-2.6.2.tgz#d1a9c5fd049d9415dce61571557104dec3ec81da"
  integrity sha512-DHqhlq5jeESLy19TYhLakJ07kNumXWjcDdxXsLUMJZ6ue8VZJj4kLPQVE/2mdHh3xZziNF1xppu5lwmS53HR+A==
  dependencies:
    "@types/node" "*"
    form-data "^3.0.0"

"@types/node@*":
  version "18.11.8"
  resolved "https://registry.yarnpkg.com/@types/node/-/node-18.11.8.tgz#16d222a58d4363a2a359656dd20b28414de5d265"
  integrity sha512-uGwPWlE0Hj972KkHtCDVwZ8O39GmyjfMane1Z3GUBGGnkZ2USDq7SxLpVIiIHpweY9DS0QTDH0Nw7RNBsAAZ5A==

"@types/websocket@^1.0.5":
  version "1.0.5"
  resolved "https://registry.yarnpkg.com/@types/websocket/-/websocket-1.0.5.tgz#3fb80ed8e07f88e51961211cd3682a3a4a81569c"
  integrity sha512-NbsqiNX9CnEfC1Z0Vf4mE1SgAJ07JnRYcNex7AJ9zAVzmiGHmjKFEk7O4TJIsgv2B1sLEb6owKFZrACwdYngsQ==
  dependencies:
    "@types/node" "*"

ansi-regex@^5.0.1:
  version "5.0.1"
  resolved "https://registry.yarnpkg.com/ansi-regex/-/ansi-regex-5.0.1.tgz#082cb2c89c9fe8659a311a53bd6a4dc5301db304"
  integrity sha512-quJQXlTSUGL2LH9SUXo8VwsY4soanhgo6LNSm84E1LBcE8s3O0wpdiRzyR9z/ZZJMlMWv37qOOb9pdJlMUEKFQ==

ansi-styles@^4.0.0:
  version "4.3.0"
  resolved "https://registry.yarnpkg.com/ansi-styles/-/ansi-styles-4.3.0.tgz#edd803628ae71c04c85ae7a0906edad34b648937"
  integrity sha512-zbB9rCJAT1rbjiVDb2hqKFHNYLxgtk8NURxZ3IZwD3F6NtxbXZQCnnSi1Lkx+IDohdPlFp222wVALIheZJQSEg==
  dependencies:
    color-convert "^2.0.1"

asynckit@^0.4.0:
  version "0.4.0"
  resolved "https://registry.yarnpkg.com/asynckit/-/asynckit-0.4.0.tgz#c79ed97f7f34cb8f2ba1bc9790bcc366474b4b79"
  integrity sha512-Oei9OH4tRh0YqU3GxhX79dM/mwVgvbZJaSNaRk+bshkj0S5cfHcgYakreBjrHwatXKbz+IoIdYLxrKim2MjW0Q==

balanced-match@^1.0.0:
  version "1.0.2"
  resolved "https://registry.yarnpkg.com/balanced-match/-/balanced-match-1.0.2.tgz#e83e3a7e3f300b34cb9d87f615fa0cbf357690ee"
  integrity sha512-3oSeUO0TMV67hN1AmbXsK4yaqU7tjiHlbxRDZOpH0KW9+CeX4bRAaX0Anxt0tx2MrpRpWwQaPwIlISEJhYU5Pw==

bn.js@^5.2.0, bn.js@^5.2.1:
  version "5.2.1"
  resolved "https://registry.yarnpkg.com/bn.js/-/bn.js-5.2.1.tgz#0bc527a6a0d18d0aa8d5b0538ce4a77dccfa7b70"
  integrity sha512-eXRvHzWyYPBuB4NBy0cmYQjGitUrtqwbvlzP3G6VFnNRbsZQIxQ10PbKKHt8gZ/HW/D/747aDl+QkDqg3KQLMQ==

brace-expansion@^1.1.7:
  version "1.1.11"
  resolved "https://registry.yarnpkg.com/brace-expansion/-/brace-expansion-1.1.11.tgz#3c7fcbf529d87226f3d2f52b966ff5271eb441dd"
  integrity sha512-iCuPHDFgrHX7H2vEI/5xpz07zSHB00TpugqhmYtVmMO6518mCuRMoOYFldEBl0g187ufozdaHgWKcYFb61qGiA==
  dependencies:
    balanced-match "^1.0.0"
    concat-map "0.0.1"

bufferutil@^4.0.1:
  version "4.0.7"
  resolved "https://registry.yarnpkg.com/bufferutil/-/bufferutil-4.0.7.tgz#60c0d19ba2c992dd8273d3f73772ffc894c153ad"
  integrity sha512-kukuqc39WOHtdxtw4UScxF/WVnMFVSQVKhtx3AjZJzhd0RGZZldcrfSEbVsWWe6KNH253574cq5F+wpv0G9pJw==
  dependencies:
    node-gyp-build "^4.3.0"

cliui@^8.0.1:
  version "8.0.1"
  resolved "https://registry.yarnpkg.com/cliui/-/cliui-8.0.1.tgz#0c04b075db02cbfe60dc8e6cf2f5486b1a3608aa"
  integrity sha512-BSeNnyus75C4//NQ9gQt1/csTXyo/8Sb+afLAkzAptFuMsod9HFokGNudZpi/oQV73hnVK+sR+5PVRMd+Dr7YQ==
  dependencies:
    string-width "^4.2.0"
    strip-ansi "^6.0.1"
    wrap-ansi "^7.0.0"

color-convert@^2.0.1:
  version "2.0.1"
  resolved "https://registry.yarnpkg.com/color-convert/-/color-convert-2.0.1.tgz#72d3a68d598c9bdb3af2ad1e84f21d896abd4de3"
  integrity sha512-RRECPsj7iu/xb5oKYcsFHSppFNnsj/52OVTRKb4zP5onXwVF3zVmmToNcOfGC+CRDpfK/U584fMg38ZHCaElKQ==
  dependencies:
    color-name "~1.1.4"

color-name@~1.1.4:
  version "1.1.4"
  resolved "https://registry.yarnpkg.com/color-name/-/color-name-1.1.4.tgz#c2a09a87acbde69543de6f63fa3995c826c536a2"
  integrity sha512-dOy+3AuW3a2wNbZHIuMZpTcgjGuLU/uBL/ubcZF9OXbDo8ff4O8yVp5Bf0efS8uEoYo5q4Fx7dY9OgQGXgAsQA==

combined-stream@^1.0.8:
  version "1.0.8"
  resolved "https://registry.yarnpkg.com/combined-stream/-/combined-stream-1.0.8.tgz#c3d45a8b34fd730631a110a8a2520682b31d5a7f"
  integrity sha512-FQN4MRfuJeHf7cBbBMJFXhKSDq+2kAArBlmRBvcvFE5BB1HZKXtSFASDhdlz9zOYwxh8lDdnvmMOe/+5cdoEdg==
  dependencies:
    delayed-stream "~1.0.0"

concat-map@0.0.1:
  version "0.0.1"
  resolved "https://registry.yarnpkg.com/concat-map/-/concat-map-0.0.1.tgz#d8a96bd77fd68df7793a73036a3ba0d5405d477b"
  integrity sha512-/Srv4dswyQNBfohGpz9o6Yb3Gz3SrUDqBH5rTuhGR7ahtlbYKnVxw2bCFMRljaA7EXHaXZ8wsHdodFvbkhKmqg==

d@1, d@^1.0.1:
  version "1.0.1"
  resolved "https://registry.yarnpkg.com/d/-/d-1.0.1.tgz#8698095372d58dbee346ffd0c7093f99f8f9eb5a"
  integrity sha512-m62ShEObQ39CfralilEQRjH6oAMtNCV1xJyEx5LpRYUVN+EviphDgUc/F3hnYbADmkiNs67Y+3ylmlG7Lnu+FA==
  dependencies:
    es5-ext "^0.10.50"
    type "^1.0.1"

data-uri-to-buffer@^4.0.0:
  version "4.0.0"
  resolved "https://registry.yarnpkg.com/data-uri-to-buffer/-/data-uri-to-buffer-4.0.0.tgz#b5db46aea50f6176428ac05b73be39a57701a64b"
  integrity sha512-Vr3mLBA8qWmcuschSLAOogKgQ/Jwxulv3RNE4FXnYWRGujzrRWQI4m12fQqRkwX06C0KanhLr4hK+GydchZsaA==

debug@^2.2.0:
  version "2.6.9"
  resolved "https://registry.yarnpkg.com/debug/-/debug-2.6.9.tgz#5d128515df134ff327e90a4c93f4e077a536341f"
  integrity sha512-bC7ElrdJaJnPbAP+1EotYvqZsb3ecl5wi6Bfi6BJTUcNowp6cvspg0jXznRTKDjm/E7AdgFBVeAPVMNcKGsHMA==
  dependencies:
    ms "2.0.0"

debug@^4.1.0:
  version "4.3.4"
  resolved "https://registry.yarnpkg.com/debug/-/debug-4.3.4.tgz#1319f6579357f2338d3337d2cdd4914bb5dcc865"
  integrity sha512-PRWFHuSU3eDtQJPvnNY7Jcket1j0t5OuOsFzPPzsekD52Zl8qUfFIPEiswXqIvHWGVHOgX+7G/vCNNhehwxfkQ==
  dependencies:
    ms "2.1.2"

delayed-stream@~1.0.0:
  version "1.0.0"
  resolved "https://registry.yarnpkg.com/delayed-stream/-/delayed-stream-1.0.0.tgz#df3ae199acadfb7d440aaae0b29e2272b24ec619"
  integrity sha512-ZySD7Nf91aLB0RxL4KGrKHBXl7Eds1DAmEdcoVawXnLD7SDhpNgtuII2aAkg7a7QS41jxPSZ17p4VdGnMHk3MQ==

ed2curve@^0.3.0:
  version "0.3.0"
  resolved "https://registry.yarnpkg.com/ed2curve/-/ed2curve-0.3.0.tgz#322b575152a45305429d546b071823a93129a05d"
  integrity sha512-8w2fmmq3hv9rCrcI7g9hms2pMunQr1JINfcjwR9tAyZqhtyaMN991lF/ZfHfr5tzZQ8c7y7aBgZbjfbd0fjFwQ==
  dependencies:
    tweetnacl "1.x.x"

emoji-regex@^8.0.0:
  version "8.0.0"
  resolved "https://registry.yarnpkg.com/emoji-regex/-/emoji-regex-8.0.0.tgz#e818fd69ce5ccfcb404594f842963bf53164cc37"
  integrity sha512-MSjYzcWNOA0ewAHpz0MxpYFvwg6yjy1NG3xteoqz644VCo/RPgnr1/GGt+ic3iJTzQ8Eu3TdM14SawnVUmGE6A==

es5-ext@^0.10.35, es5-ext@^0.10.50:
  version "0.10.62"
  resolved "https://registry.yarnpkg.com/es5-ext/-/es5-ext-0.10.62.tgz#5e6adc19a6da524bf3d1e02bbc8960e5eb49a9a5"
  integrity sha512-BHLqn0klhEpnOKSrzn/Xsz2UIW8j+cGmo9JLzr8BiUapV8hPL9+FliFqjwr9ngW7jWdnxv6eO+/LqyhJVqgrjA==
  dependencies:
    es6-iterator "^2.0.3"
    es6-symbol "^3.1.3"
    next-tick "^1.1.0"

es6-iterator@^2.0.3:
  version "2.0.3"
  resolved "https://registry.yarnpkg.com/es6-iterator/-/es6-iterator-2.0.3.tgz#a7de889141a05a94b0854403b2d0a0fbfa98f3b7"
  integrity sha512-zw4SRzoUkd+cl+ZoE15A9o1oQd920Bb0iOJMQkQhl3jNc03YqVjAhG7scf9C5KWRU/R13Orf588uCC6525o02g==
  dependencies:
    d "1"
    es5-ext "^0.10.35"
    es6-symbol "^3.1.1"

es6-symbol@^3.1.1, es6-symbol@^3.1.3:
  version "3.1.3"
  resolved "https://registry.yarnpkg.com/es6-symbol/-/es6-symbol-3.1.3.tgz#bad5d3c1bcdac28269f4cb331e431c78ac705d18"
  integrity sha512-NJ6Yn3FuDinBaBRWl/q5X/s4koRHBrgKAu+yGI6JCBeiu3qrcbJhwT2GeR/EXVfylRk8dpQVJoLEFhK+Mu31NA==
  dependencies:
    d "^1.0.1"
    ext "^1.1.2"

escalade@^3.1.1:
  version "3.1.1"
  resolved "https://registry.yarnpkg.com/escalade/-/escalade-3.1.1.tgz#d8cfdc7000965c5a0174b4a82eaa5c0552742e40"
  integrity sha512-k0er2gUkLf8O0zKJiAhmkTnJlTvINGv7ygDNPbeIsX/TJjGJZHuh9B2UxbsaEkmlEo9MfhrSzmhIlhRlI2GXnw==

eventemitter3@^4.0.7:
  version "4.0.7"
  resolved "https://registry.yarnpkg.com/eventemitter3/-/eventemitter3-4.0.7.tgz#2de9b68f6528d5644ef5c59526a1b4a07306169f"
  integrity sha512-8guHBZCwKnFhYdHr2ysuRWErTwhoN2X8XELRlrRwpmfeY2jjuUN4taQMsULKUVo1K4DvZl+0pgfyoysHxvmvEw==

ext@^1.1.2:
  version "1.7.0"
  resolved "https://registry.yarnpkg.com/ext/-/ext-1.7.0.tgz#0ea4383c0103d60e70be99e9a7f11027a33c4f5f"
  integrity sha512-6hxeJYaL110a9b5TEJSj0gojyHQAmA2ch5Os+ySCiA1QGdS697XWY1pzsrSjqA9LDEEgdB/KypIlR59RcLuHYw==
  dependencies:
    type "^2.7.2"

fetch-blob@^3.1.2, fetch-blob@^3.1.4:
  version "3.2.0"
  resolved "https://registry.yarnpkg.com/fetch-blob/-/fetch-blob-3.2.0.tgz#f09b8d4bbd45adc6f0c20b7e787e793e309dcce9"
  integrity sha512-7yAQpD2UMJzLi1Dqv7qFYnPbaPx7ZfFK6PiIxQ4PfkGPyNyl2Ugx+a/umUonmKqjhM4DnfbMvdX6otXq83soQQ==
  dependencies:
    node-domexception "^1.0.0"
    web-streams-polyfill "^3.0.3"

form-data@^3.0.0:
  version "3.0.1"
  resolved "https://registry.yarnpkg.com/form-data/-/form-data-3.0.1.tgz#ebd53791b78356a99af9a300d4282c4d5eb9755f"
  integrity sha512-RHkBKtLWUVwd7SqRIvCZMEvAMoGUp0XU+seQiZejj0COz3RI3hWP4sCv3gZWWLjJTd7rGwcsF5eKZGii0r/hbg==
  dependencies:
    asynckit "^0.4.0"
    combined-stream "^1.0.8"
    mime-types "^2.1.12"

formdata-polyfill@^4.0.10:
  version "4.0.10"
  resolved "https://registry.yarnpkg.com/formdata-polyfill/-/formdata-polyfill-4.0.10.tgz#24807c31c9d402e002ab3d8c720144ceb8848423"
  integrity sha512-buewHzMvYL29jdeQTVILecSaZKnt/RJWjoZCF5OW60Z67/GmSLBkOFM7qh1PI3zFNtJbaZL5eQu1vLfazOwj4g==
  dependencies:
    fetch-blob "^3.1.2"

fs.realpath@^1.0.0:
  version "1.0.0"
  resolved "https://registry.yarnpkg.com/fs.realpath/-/fs.realpath-1.0.0.tgz#1504ad2523158caa40db4a2787cb01411994ea4f"
  integrity sha512-OO0pH2lK6a0hZnAdau5ItzHPI6pUlvI7jMVnxUQRtw4owF2wk8lOSabtGDCTP4Ggrg2MbGnWO9X8K1t4+fGMDw==

function-bind@^1.1.1:
  version "1.1.1"
  resolved "https://registry.yarnpkg.com/function-bind/-/function-bind-1.1.1.tgz#a56899d3ea3c9bab874bb9773b7c5ede92f4895d"
  integrity sha512-yIovAzMX49sF8Yl58fSCWJ5svSLuaibPxXQJFLmBObTuCr0Mf1KiPopGM9NiFjiYBCbfaa2Fh6breQ6ANVTI0A==

get-caller-file@^2.0.5:
  version "2.0.5"
  resolved "https://registry.yarnpkg.com/get-caller-file/-/get-caller-file-2.0.5.tgz#4f94412a82db32f36e3b0b9741f8a97feb031f7e"
  integrity sha512-DyFP3BM/3YHTQOCUL/w0OZHR0lpKeGrxotcHWcqNEdnltqFwXVfhEBQ94eIo34AfQpo0rGki4cyIiftY06h2Fg==

glob@^7.0.0:
  version "7.2.3"
  resolved "https://registry.yarnpkg.com/glob/-/glob-7.2.3.tgz#b8df0fb802bbfa8e89bd1d938b4e16578ed44f2b"
  integrity sha512-nFR0zLpU2YCaRxwoCJvL6UvCH2JFyFVIvwTLsIf21AuHlMskA1hhTdk+LlYJtOlYt9v6dvszD2BGRqBL+iQK9Q==
  dependencies:
    fs.realpath "^1.0.0"
    inflight "^1.0.4"
    inherits "2"
    minimatch "^3.1.1"
    once "^1.3.0"
    path-is-absolute "^1.0.0"

has@^1.0.3:
  version "1.0.3"
  resolved "https://registry.yarnpkg.com/has/-/has-1.0.3.tgz#722d7cbfc1f6aa8241f16dd814e011e1f41e8796"
  integrity sha512-f2dvO0VU6Oej7RkWJGrehjbzMAjFp5/VKPp5tTpWIV4JHHZK1/BxbFRtf/siA2SWTe09caDmVtYYzWEIbBS4zw==
  dependencies:
    function-bind "^1.1.1"

inflight@^1.0.4:
  version "1.0.6"
  resolved "https://registry.yarnpkg.com/inflight/-/inflight-1.0.6.tgz#49bd6331d7d02d0c09bc910a1075ba8165b56df9"
  integrity sha512-k92I/b08q4wvFscXCLvqfsHCrjrF7yiXsQuIVvVE7N82W3+aqpzuUdBbfhWcy/FZR3/4IgflMgKLOsvPDrGCJA==
  dependencies:
    once "^1.3.0"
    wrappy "1"

inherits@2:
  version "2.0.4"
  resolved "https://registry.yarnpkg.com/inherits/-/inherits-2.0.4.tgz#0fa2c64f932917c3433a0ded55363aae37416b7c"
  integrity sha512-k/vGaX4/Yla3WzyMCvTQOXYeIHvqOKtnqBduzTHpzpQZzAskKMhZ2K+EnBiSM9zGSoIFeMpXKxa4dYeZIQqewQ==

interpret@^1.0.0:
  version "1.4.0"
  resolved "https://registry.yarnpkg.com/interpret/-/interpret-1.4.0.tgz#665ab8bc4da27a774a40584e812e3e0fa45b1a1e"
  integrity sha512-agE4QfB2Lkp9uICn7BAqoscw4SZP9kTE2hxiFI3jBPmXJfdqiahTbUuKGsMoN2GtqL9AxhYioAcVvgsb1HvRbA==

ip-regex@^4.3.0:
  version "4.3.0"
  resolved "https://registry.yarnpkg.com/ip-regex/-/ip-regex-4.3.0.tgz#687275ab0f57fa76978ff8f4dddc8a23d5990db5"
  integrity sha512-B9ZWJxHHOHUhUjCPrMpLD4xEq35bUTClHM1S6CBU5ixQnkZmwipwgc96vAd7AAGM9TGHvJR+Uss+/Ak6UphK+Q==

is-core-module@^2.9.0:
  version "2.11.0"
  resolved "https://registry.yarnpkg.com/is-core-module/-/is-core-module-2.11.0.tgz#ad4cb3e3863e814523c96f3f58d26cc570ff0144"
  integrity sha512-RRjxlvLDkD1YJwDbroBHMb+cukurkDWNyHx7D3oNB5x9rb5ogcksMC5wHCadcXoo67gVr/+3GFySh3134zi6rw==
  dependencies:
    has "^1.0.3"

is-fullwidth-code-point@^3.0.0:
  version "3.0.0"
  resolved "https://registry.yarnpkg.com/is-fullwidth-code-point/-/is-fullwidth-code-point-3.0.0.tgz#f116f8064fe90b3f7844a38997c0b75051269f1d"
  integrity sha512-zymm5+u+sCsSWyD9qNaejV3DFvhCKclKdizYaJUuHA83RLjb7nSuGnddCHGv0hk+KY7BMAlsWeK4Ueg6EV6XQg==

is-typedarray@^1.0.0:
  version "1.0.0"
  resolved "https://registry.yarnpkg.com/is-typedarray/-/is-typedarray-1.0.0.tgz#e479c80858df0c1b11ddda6940f96011fcda4a9a"
  integrity sha512-cyA56iCMHAh5CdzjJIa4aohJyeO1YbwLi3Jc35MmRU6poroFjIGZzUzupGiRPOjgHg9TLu43xbpwXk523fMxKA==

json-stringify-safe@^5.0.1:
  version "5.0.1"
  resolved "https://registry.yarnpkg.com/json-stringify-safe/-/json-stringify-safe-5.0.1.tgz#1296a2d58fd45f19a0f6ce01d65701e2c735b6eb"
  integrity sha512-ZClg6AaYvamvYEE82d3Iyd3vSSIjQ+odgjaTzRuO3s7toCdFKczob2i0zCh7JE8kWn17yvAWhUVxvqGwUalsRA==

lodash@^4.17.21:
  version "4.17.21"
  resolved "https://registry.yarnpkg.com/lodash/-/lodash-4.17.21.tgz#679591c564c3bffaae8454cf0b3df370c3d6911c"
  integrity sha512-v2kDEe57lecTulaDIuNTPy3Ry4gLGJ6Z1O3vE1krgXZNrsQ+LFTGHVxVjcXPs17LhbZVGedAJv8XZ1tvj5FvSg==

mime-db@1.52.0:
  version "1.52.0"
  resolved "https://registry.yarnpkg.com/mime-db/-/mime-db-1.52.0.tgz#bbabcdc02859f4987301c856e3387ce5ec43bf70"
  integrity sha512-sPU4uV7dYlvtWJxwwxHD0PuihVNiE7TyAbQ5SWxDCB9mUYvOgroQOwYQQOKPJ8CIbE+1ETVlOoK1UC2nU3gYvg==

mime-types@^2.1.12:
  version "2.1.35"
  resolved "https://registry.yarnpkg.com/mime-types/-/mime-types-2.1.35.tgz#381a871b62a734450660ae3deee44813f70d959a"
  integrity sha512-ZDY+bPm5zTTF+YpCrAU9nK0UgICYPT0QtT1NZWFv4s++TNkcgVaT0g6+4R2uI4MjQjzysHB1zxuWL50hzaeXiw==
  dependencies:
    mime-db "1.52.0"

minimatch@^3.1.1:
  version "3.1.2"
  resolved "https://registry.yarnpkg.com/minimatch/-/minimatch-3.1.2.tgz#19cd194bfd3e428f049a70817c038d89ab4be35b"
  integrity sha512-J7p63hRiAjw1NDEww1W7i37+ByIrOWO5XQQAzZ3VOcL0PNybwpfmV/N05zFAzwQ9USyEcX6t3UO+K5aqBQOIHw==
  dependencies:
    brace-expansion "^1.1.7"

mock-socket@^9.1.5:
  version "9.1.5"
  resolved "https://registry.yarnpkg.com/mock-socket/-/mock-socket-9.1.5.tgz#2c4e44922ad556843b6dfe09d14ed8041fa2cdeb"
  integrity sha512-3DeNIcsQixWHHKk6NdoBhWI4t1VMj5/HzfnI1rE/pLl5qKx7+gd4DNA07ehTaZ6MoUU053si6Hd+YtiM/tQZfg==

ms@2.0.0:
  version "2.0.0"
  resolved "https://registry.yarnpkg.com/ms/-/ms-2.0.0.tgz#5608aeadfc00be6c2901df5f9861788de0d597c8"
  integrity sha512-Tpp60P6IUJDTuOq/5Z8cdskzJujfwqfOTkrwIwj7IRISpnkJnT6SyJ4PCPnGMoFjC9ddhal5KVIYtAt97ix05A==

ms@2.1.2:
  version "2.1.2"
  resolved "https://registry.yarnpkg.com/ms/-/ms-2.1.2.tgz#d09d1f357b443f493382a8eb3ccd183872ae6009"
  integrity sha512-sGkPx+VjMtmA6MX27oA4FBFELFCZZ4S4XqeGOXCv68tT+jb3vk/RyaKWP0PTKyWtmLSM0b+adUTEvbs1PEaH2w==

next-tick@^1.1.0:
  version "1.1.0"
  resolved "https://registry.yarnpkg.com/next-tick/-/next-tick-1.1.0.tgz#1836ee30ad56d67ef281b22bd199f709449b35eb"
  integrity sha512-CXdUiJembsNjuToQvxayPZF9Vqht7hewsvy2sOWafLvi2awflj9mOC6bHIg50orX8IJvWKY9wYQ/zB2kogPslQ==

nock@^13.2.9:
  version "13.2.9"
  resolved "https://registry.yarnpkg.com/nock/-/nock-13.2.9.tgz#4faf6c28175d36044da4cfa68e33e5a15086ad4c"
  integrity sha512-1+XfJNYF1cjGB+TKMWi29eZ0b82QOvQs2YoLNzbpWGqFMtRQHTa57osqdGj4FrFPgkO4D4AZinzUJR9VvW3QUA==
  dependencies:
    debug "^4.1.0"
    json-stringify-safe "^5.0.1"
    lodash "^4.17.21"
    propagate "^2.0.0"

node-domexception@^1.0.0:
  version "1.0.0"
  resolved "https://registry.yarnpkg.com/node-domexception/-/node-domexception-1.0.0.tgz#6888db46a1f71c0b76b3f7555016b63fe64766e5"
  integrity sha512-/jKZoMpw0F8GRwl4/eLROPA3cfcXtLApP0QzLmUT/HuPCZWyB7IY9ZrMeKw2O/nFIqPQB3PVM9aYm0F312AXDQ==

node-fetch@^3.2.10:
  version "3.2.10"
  resolved "https://registry.yarnpkg.com/node-fetch/-/node-fetch-3.2.10.tgz#e8347f94b54ae18b57c9c049ef641cef398a85c8"
  integrity sha512-MhuzNwdURnZ1Cp4XTazr69K0BTizsBroX7Zx3UgDSVcZYKF/6p0CBe4EUb/hLqmzVhl0UpYfgRljQ4yxE+iCxA==
  dependencies:
    data-uri-to-buffer "^4.0.0"
    fetch-blob "^3.1.4"
    formdata-polyfill "^4.0.10"

node-gyp-build@^4.3.0:
  version "4.5.0"
  resolved "https://registry.yarnpkg.com/node-gyp-build/-/node-gyp-build-4.5.0.tgz#7a64eefa0b21112f89f58379da128ac177f20e40"
  integrity sha512-2iGbaQBV+ITgCz76ZEjmhUKAKVf7xfY1sRl4UiKQspfZMH2h06SyhNsnSVy50cwkFQDGLyif6m/6uFXHkOZ6rg==

once@^1.3.0:
  version "1.4.0"
  resolved "https://registry.yarnpkg.com/once/-/once-1.4.0.tgz#583b1aa775961d4b113ac17d9c50baef9dd76bd1"
  integrity sha512-lNaJgI+2Q5URQBkccEKHTQOPaXdUxnZZElQTZY0MFUAuaEqe1E+Nyvgdz/aIyNi6Z9MzO5dv1H8n58/GELp3+w==
  dependencies:
    wrappy "1"

pako@^2.0.4:
  version "2.0.4"
  resolved "https://registry.yarnpkg.com/pako/-/pako-2.0.4.tgz#6cebc4bbb0b6c73b0d5b8d7e8476e2b2fbea576d"
  integrity sha512-v8tweI900AUkZN6heMU/4Uy4cXRc2AYNRggVmTR+dEncawDJgCdLMximOVA2p4qO57WMynangsfGRb5WD6L1Bg==

path-is-absolute@^1.0.0:
  version "1.0.1"
  resolved "https://registry.yarnpkg.com/path-is-absolute/-/path-is-absolute-1.0.1.tgz#174b9268735534ffbc7ace6bf53a5a9e1b5c5f5f"
  integrity sha512-AVbw3UJ2e9bq64vSaS9Am0fje1Pa8pbGqTTsmXfaIiMpnr5DlDhfJOuLj9Sf95ZPVDAUerDfEk88MPmPe7UCQg==

path-parse@^1.0.7:
  version "1.0.7"
  resolved "https://registry.yarnpkg.com/path-parse/-/path-parse-1.0.7.tgz#fbc114b60ca42b30d9daf5858e4bd68bbedb6735"
  integrity sha512-LDJzPVEEEPR+y48z93A0Ed0yXb8pAByGWo/k5YYdYgpY2/2EsOsksJrq7lOHxryrVOn1ejG6oAp8ahvOIQD8sw==

propagate@^2.0.0:
  version "2.0.1"
  resolved "https://registry.yarnpkg.com/propagate/-/propagate-2.0.1.tgz#40cdedab18085c792334e64f0ac17256d38f9a45"
  integrity sha512-vGrhOavPSTz4QVNuBNdcNXePNdNMaO1xj9yBeH1ScQPjk/rhg9sSlCXPhMkFuaNNW/syTvYqsnbIJxMBfRbbag==

readline-sync@^1.4.10:
  version "1.4.10"
  resolved "https://registry.yarnpkg.com/readline-sync/-/readline-sync-1.4.10.tgz#41df7fbb4b6312d673011594145705bf56d8873b"
  integrity sha512-gNva8/6UAe8QYepIQH/jQ2qn91Qj0B9sYjMBBs3QOB8F2CXcKgLxQaJRP76sWVRQt+QU+8fAkCbCvjjMFu7Ycw==

rechoir@^0.6.2:
  version "0.6.2"
  resolved "https://registry.yarnpkg.com/rechoir/-/rechoir-0.6.2.tgz#85204b54dba82d5742e28c96756ef43af50e3384"
  integrity sha512-HFM8rkZ+i3zrV+4LQjwQ0W+ez98pApMGM3HUrN04j3CqzPOzl9nmP15Y8YXNm8QHGv/eacOVEjqhmWpkRV0NAw==
  dependencies:
    resolve "^1.1.6"

regenerator-runtime@^0.13.10:
  version "0.13.10"
  resolved "https://registry.yarnpkg.com/regenerator-runtime/-/regenerator-runtime-0.13.10.tgz#ed07b19616bcbec5da6274ebc75ae95634bfc2ee"
  integrity sha512-KepLsg4dU12hryUO7bp/axHAKvwGOCV0sGloQtpagJ12ai+ojVDqkeGSiRX1zlq+kjIMZ1t7gpze+26QqtdGqw==

require-directory@^2.1.1:
  version "2.1.1"
  resolved "https://registry.yarnpkg.com/require-directory/-/require-directory-2.1.1.tgz#8c64ad5fd30dab1c976e2344ffe7f792a6a6df42"
  integrity sha512-fGxEI7+wsG9xrvdjsrlmL22OMTTiHRwAMroiEeMgq8gzoLC/PQr7RsRDSTLUg/bZAZtF+TVIkHc6/4RIKrui+Q==

resolve@^1.1.6:
  version "1.22.1"
  resolved "https://registry.yarnpkg.com/resolve/-/resolve-1.22.1.tgz#27cb2ebb53f91abb49470a928bba7558066ac177"
  integrity sha512-nBpuuYuY5jFsli/JIs1oldw6fOQCBioohqWZg/2hiaOybXOft4lonv85uDOKXdf8rhyK159cxU5cDcK/NKk8zw==
  dependencies:
    is-core-module "^2.9.0"
    path-parse "^1.0.7"
    supports-preserve-symlinks-flag "^1.0.0"

rxjs@^7.5.7:
  version "7.5.7"
  resolved "https://registry.yarnpkg.com/rxjs/-/rxjs-7.5.7.tgz#2ec0d57fdc89ece220d2e702730ae8f1e49def39"
  integrity sha512-z9MzKh/UcOqB3i20H6rtrlaE/CgjLOvheWK/9ILrbhROGTweAi1BaFsTT9FbwZi5Trr1qNRs+MXkhmR06awzQA==
  dependencies:
    tslib "^2.1.0"

shelljs@^0.8.5:
  version "0.8.5"
  resolved "https://registry.yarnpkg.com/shelljs/-/shelljs-0.8.5.tgz#de055408d8361bed66c669d2f000538ced8ee20c"
  integrity sha512-TiwcRcrkhHvbrZbnRcFYMLl30Dfov3HKqzp5tO5b4pt6G/SezKcYhmDg15zXVBswHmctSAQKznqNW2LO5tTDow==
  dependencies:
    glob "^7.0.0"
    interpret "^1.0.0"
    rechoir "^0.6.2"

string-width@^4.1.0, string-width@^4.2.0, string-width@^4.2.3:
  version "4.2.3"
  resolved "https://registry.yarnpkg.com/string-width/-/string-width-4.2.3.tgz#269c7117d27b05ad2e536830a8ec895ef9c6d010"
  integrity sha512-wKyQRQpjJ0sIp62ErSZdGsjMJWsap5oRNihHhu6G7JVO/9jIB6UyevL+tXuOqrng8j/cxKTWyWUwvSTriiZz/g==
  dependencies:
    emoji-regex "^8.0.0"
    is-fullwidth-code-point "^3.0.0"
    strip-ansi "^6.0.1"

strip-ansi@^6.0.0, strip-ansi@^6.0.1:
  version "6.0.1"
  resolved "https://registry.yarnpkg.com/strip-ansi/-/strip-ansi-6.0.1.tgz#9e26c63d30f53443e9489495b2105d37b67a85d9"
  integrity sha512-Y38VPSHcqkFrCpFnQ9vuSXmquuv5oXOKpGeT6aGrr3o3Gc9AlVa6JBfUSOCnbxGGZF+/0ooI7KrPuUSztUdU5A==
  dependencies:
    ansi-regex "^5.0.1"

supports-preserve-symlinks-flag@^1.0.0:
  version "1.0.0"
  resolved "https://registry.yarnpkg.com/supports-preserve-symlinks-flag/-/supports-preserve-symlinks-flag-1.0.0.tgz#6eda4bd344a3c94aea376d4cc31bc77311039e09"
  integrity sha512-ot0WnXS9fgdkgIcePe6RHNk1WA8+muPa6cSjeR3V8K27q9BB1rTE3R1p7Hv0z1ZyAc8s6Vvv8DIyWf681MAt0w==

tslib@^2.1.0:
  version "2.4.0"
  resolved "https://registry.yarnpkg.com/tslib/-/tslib-2.4.0.tgz#7cecaa7f073ce680a05847aa77be941098f36dc3"
  integrity sha512-d6xOpEDfsi2CZVlPQzGeux8XMwLT9hssAsaPYExaQMuYskwb+x1x7J371tWlbBdWHroy99KnVB6qIkUbs5X3UQ==

tweetnacl@1.x.x, tweetnacl@^1.0.3:
  version "1.0.3"
  resolved "https://registry.yarnpkg.com/tweetnacl/-/tweetnacl-1.0.3.tgz#ac0af71680458d8a6378d0d0d050ab1407d35596"
  integrity sha512-6rt+RN7aOi1nGMyC4Xa5DdYiukl2UWCbcJft7YhxReBGQD7OAM8Pbxw6YMo4r2diNEA8FEmu32YOn9rhaiE5yw==

type@^1.0.1:
  version "1.2.0"
  resolved "https://registry.yarnpkg.com/type/-/type-1.2.0.tgz#848dd7698dafa3e54a6c479e759c4bc3f18847a0"
  integrity sha512-+5nt5AAniqsCnu2cEQQdpzCAh33kVx8n0VoFidKpB1dVVLAN/F+bgVOqOJqOnEnrhp222clB5p3vUlD+1QAnfg==

type@^2.7.2:
  version "2.7.2"
  resolved "https://registry.yarnpkg.com/type/-/type-2.7.2.tgz#2376a15a3a28b1efa0f5350dcf72d24df6ef98d0"
  integrity sha512-dzlvlNlt6AXU7EBSfpAscydQ7gXB+pPGsPnfJnZpiNJBDj7IaJzQlBZYGdEi4R9HmPdBv2XmWJ6YUtoTa7lmCw==

typedarray-to-buffer@^3.1.5:
  version "3.1.5"
  resolved "https://registry.yarnpkg.com/typedarray-to-buffer/-/typedarray-to-buffer-3.1.5.tgz#a97ee7a9ff42691b9f783ff1bc5112fe3fca9080"
  integrity sha512-zdu8XMNEDepKKR+XYOXAVPtWui0ly0NtohUscw+UmaHiAWT8hrV1rr//H6V+0DvJ3OQ19S979M0laLfX8rm82Q==
  dependencies:
    is-typedarray "^1.0.0"

utf-8-validate@^5.0.2:
  version "5.0.10"
  resolved "https://registry.yarnpkg.com/utf-8-validate/-/utf-8-validate-5.0.10.tgz#d7d10ea39318171ca982718b6b96a8d2442571a2"
  integrity sha512-Z6czzLq4u8fPOyx7TU6X3dvUZVvoJmxSQ+IcrlmagKhilxlhZgxPK6C5Jqbkw1IDUmFTM+cz9QDnnLTwDz/2gQ==
  dependencies:
    node-gyp-build "^4.3.0"

web-streams-polyfill@^3.0.3:
  version "3.2.1"
  resolved "https://registry.yarnpkg.com/web-streams-polyfill/-/web-streams-polyfill-3.2.1.tgz#71c2718c52b45fd49dbeee88634b3a60ceab42a6"
  integrity sha512-e0MO3wdXWKrLbL0DgGnUV7WHVuw9OUvL4hjgnPkIeEvESk74gAITi5G606JtZPp39cd8HA9VQzCIvA49LpPN5Q==

websocket@^1.0.34:
  version "1.0.34"
  resolved "https://registry.yarnpkg.com/websocket/-/websocket-1.0.34.tgz#2bdc2602c08bf2c82253b730655c0ef7dcab3111"
  integrity sha512-PRDso2sGwF6kM75QykIesBijKSVceR6jL2G8NGYyq2XrItNC2P5/qL5XeR056GhA+Ly7JMFvJb9I312mJfmqnQ==
  dependencies:
    bufferutil "^4.0.1"
    debug "^2.2.0"
    es5-ext "^0.10.50"
    typedarray-to-buffer "^3.1.5"
    utf-8-validate "^5.0.2"
    yaeti "^0.0.6"

wrap-ansi@^7.0.0:
  version "7.0.0"
  resolved "https://registry.yarnpkg.com/wrap-ansi/-/wrap-ansi-7.0.0.tgz#67e145cff510a6a6984bdf1152911d69d2eb9e43"
  integrity sha512-YVGIj2kamLSTxw6NsZjoBxfSwsn0ycdesmc4p+Q21c5zPuZ1pl+NfxVdxPtdHvmNVOQ6XSYG4AUtyt/Fi7D16Q==
  dependencies:
    ansi-styles "^4.0.0"
    string-width "^4.1.0"
    strip-ansi "^6.0.0"

wrappy@1:
  version "1.0.2"
  resolved "https://registry.yarnpkg.com/wrappy/-/wrappy-1.0.2.tgz#b5243d8f3ec1aa35f1364605bc0d1036e30ab69f"
  integrity sha512-l4Sp/DRseor9wL6EvV2+TuQn63dMkPjZ/sp9XkghTEbV9KlPS1xUsZ3u7/IQO4wxtcFB4bgpQPRcR3QCvezPcQ==

ws@^8.8.1:
  version "8.10.0"
  resolved "https://registry.yarnpkg.com/ws/-/ws-8.10.0.tgz#00a28c09dfb76eae4eb45c3b565f771d6951aa51"
  integrity sha512-+s49uSmZpvtAsd2h37vIPy1RBusaLawVe8of+GyEPsaJTCMpj/2v8NpeK1SHXjBlQ95lQTmQofOJnFiLoaN3yw==

y18n@^5.0.5:
  version "5.0.8"
  resolved "https://registry.yarnpkg.com/y18n/-/y18n-5.0.8.tgz#7f4934d0f7ca8c56f95314939ddcd2dd91ce1d55"
  integrity sha512-0pfFzegeDWJHJIAmTLRP2DwHjdF5s7jo9tuztdQxAhINCdvS+3nGINqPd00AphqJR/0LhANUS6/+7SCb98YOfA==

yaeti@^0.0.6:
  version "0.0.6"
  resolved "https://registry.yarnpkg.com/yaeti/-/yaeti-0.0.6.tgz#f26f484d72684cf42bedfb76970aa1608fbf9577"
  integrity sha512-MvQa//+KcZCUkBTIC9blM+CU9J2GzuTytsOUwf2lidtvkx/6gnEp1QvJv34t9vdjhFmha/mUiNDbN0D0mJWdug==

yaml@^2.1.1:
  version "2.1.3"
  resolved "https://registry.yarnpkg.com/yaml/-/yaml-2.1.3.tgz#9b3a4c8aff9821b696275c79a8bee8399d945207"
  integrity sha512-AacA8nRULjKMX2DvWvOAdBZMOfQlypSFkjcOcu9FalllIDJ1kvlREzcdIZmidQUqqeMv7jorHjq2HlLv/+c2lg==

yargs-parser@^21.0.0:
  version "21.1.1"
  resolved "https://registry.yarnpkg.com/yargs-parser/-/yargs-parser-21.1.1.tgz#9096bceebf990d21bb31fa9516e0ede294a77d35"
  integrity sha512-tVpsJW7DdjecAiFpbIB1e3qxIQsE6NoPc5/eTdrbbIC4h0LVsWhnoa3g+m2HclBIujHzsxZ4VJVA+GUuc2/LBw==

yargs@^17.5.1:
  version "17.6.0"
  resolved "https://registry.yarnpkg.com/yargs/-/yargs-17.6.0.tgz#e134900fc1f218bc230192bdec06a0a5f973e46c"
  integrity sha512-8H/wTDqlSwoSnScvV2N/JHfLWOKuh5MVla9hqLjK3nsfyy6Y4kDSYSvkU5YCUEPOSnRXfIyx3Sq+B/IWudTo4g==
  dependencies:
    cliui "^8.0.1"
    escalade "^3.1.1"
    get-caller-file "^2.0.5"
    require-directory "^2.1.1"
    string-width "^4.2.3"
    y18n "^5.0.5"
    yargs-parser "^21.0.0"
